
Microsoft Visual Studio Solution File, Format Version 12.00
# Visual Studio 15
VisualStudioVersion = 15.0.28010.2046
MinimumVisualStudioVersion = 10.0.40219.1
Project("{FAE04EC0-301F-11D3-BF4B-00C04F79EFBC}") = "BLOG", "BLOG\BLOG.csproj", "{A52260C0-1637-49EF-A605-0F67F19AC246}"
EndProject
Project("{FAE04EC0-301F-11D3-BF4B-00C04F79EFBC}") = "Utility", "Utility\Utility.csproj", "{E79C0D33-EB96-49BF-863B-9834EA7BCE8A}"
EndProject
Project("{FAE04EC0-301F-11D3-BF4B-00C04F79EFBC}") = "DAL", "DAL\DAL.csproj", "{36458B91-1E53-4A44-A349-34E80FF7748B}"
EndProject
Project("{FAE04EC0-301F-11D3-BF4B-00C04F79EFBC}") = "BLL", "BLL\BLL.csproj", "{F5F4B811-C3B6-415D-9487-6E8A2272E6DE}"
EndProject
Project("{FAE04EC0-301F-11D3-BF4B-00C04F79EFBC}") = "Model", "Model\Model.csproj", "{F2E8FB3F-0D78-4067-A1B2-0FC7B6809883}"
EndProject
Project("{FAE04EC0-301F-11D3-BF4B-00C04F79EFBC}") = "Common", "Common\Common.csproj", "{6501C62E-E8DC-42BD-8A71-CC59979960EC}"
EndProject
Project("{FAE04EC0-301F-11D3-BF4B-00C04F79EFBC}") = "ConsoleTest", "ConsoleTest\ConsoleTest.csproj", "{D00A3493-0702-4BA1-A204-29CA493E3BAB}"
EndProject
Project("{FAE04EC0-301F-11D3-BF4B-00C04F79EFBC}") = "FormTest", "FormTest\FormTest.csproj", "{3F1C07F9-BFF3-459B-BC3F-BB9B12E43531}"
EndProject
Project("{FAE04EC0-301F-11D3-BF4B-00C04F79EFBC}") = "NETCpuAnalyzer", "CpuAnalyzer\NETCpuAnalyzer.csproj", "{97C92C09-BE84-4A84-88F4-C17F2137B4EF}"
EndProject
Project("{FAE04EC0-301F-11D3-BF4B-00C04F79EFBC}") = "corapi", "..\dbgProgram\MDbg Sample\src\debugger\corapi\corapi.csproj", "{04EF9865-E1B1-403D-802B-E4FAEA50A634}"
EndProject
Project("{FAE04EC0-301F-11D3-BF4B-00C04F79EFBC}") = "mdbgeng", "..\dbgProgram\MDbg Sample\src\debugger\mdbgeng\mdbgeng.csproj", "{634B90A2-0344-44C5-83F0-06180B2FDA05}"
	ProjectSection(ProjectDependencies) = postProject
		{04EF9865-E1B1-403D-802B-E4FAEA50A634} = {04EF9865-E1B1-403D-802B-E4FAEA50A634}
	EndProjectSection
EndProject
Project("{FAE04EC0-301F-11D3-BF4B-00C04F79EFBC}") = "mdbgext", "..\dbgProgram\MDbg Sample\src\debugger\mdbgext\mdbgext.csproj", "{1511F9E6-6AC4-4F3F-863D-3430469A7335}"
	ProjectSection(ProjectDependencies) = postProject
		{04EF9865-E1B1-403D-802B-E4FAEA50A634} = {04EF9865-E1B1-403D-802B-E4FAEA50A634}
		{634B90A2-0344-44C5-83F0-06180B2FDA05} = {634B90A2-0344-44C5-83F0-06180B2FDA05}
	EndProjectSection
EndProject
Project("{FAE04EC0-301F-11D3-BF4B-00C04F79EFBC}") = "gui", "..\dbgProgram\MDbg Sample\src\extensions\gui\gui.csproj", "{29258C9D-D15D-441F-9E24-EF4830B1DE7F}"
	ProjectSection(ProjectDependencies) = postProject
		{04EF9865-E1B1-403D-802B-E4FAEA50A634} = {04EF9865-E1B1-403D-802B-E4FAEA50A634}
		{634B90A2-0344-44C5-83F0-06180B2FDA05} = {634B90A2-0344-44C5-83F0-06180B2FDA05}
		{1511F9E6-6AC4-4F3F-863D-3430469A7335} = {1511F9E6-6AC4-4F3F-863D-3430469A7335}
	EndProjectSection
EndProject
Project("{FAE04EC0-301F-11D3-BF4B-00C04F79EFBC}") = "ildasm", "..\dbgProgram\MDbg Sample\src\extensions\ildasm\ildasm.csproj", "{A05817CB-7957-4EA4-AA05-2FF911A388AB}"
	ProjectSection(ProjectDependencies) = postProject
		{04EF9865-E1B1-403D-802B-E4FAEA50A634} = {04EF9865-E1B1-403D-802B-E4FAEA50A634}
		{634B90A2-0344-44C5-83F0-06180B2FDA05} = {634B90A2-0344-44C5-83F0-06180B2FDA05}
		{1511F9E6-6AC4-4F3F-863D-3430469A7335} = {1511F9E6-6AC4-4F3F-863D-3430469A7335}
	EndProjectSection
EndProject
Project("{FAE04EC0-301F-11D3-BF4B-00C04F79EFBC}") = "enc", "..\dbgProgram\MDbg Sample\src\extensions\enc\enc.csproj", "{A910DCDE-4794-4796-819A-B79E0E6FFD50}"
	ProjectSection(ProjectDependencies) = postProject
		{04EF9865-E1B1-403D-802B-E4FAEA50A634} = {04EF9865-E1B1-403D-802B-E4FAEA50A634}
		{634B90A2-0344-44C5-83F0-06180B2FDA05} = {634B90A2-0344-44C5-83F0-06180B2FDA05}
		{1511F9E6-6AC4-4F3F-863D-3430469A7335} = {1511F9E6-6AC4-4F3F-863D-3430469A7335}
	EndProjectSection
EndProject
Project("{FAE04EC0-301F-11D3-BF4B-00C04F79EFBC}") = "mdbg", "..\dbgProgram\MDbg Sample\src\debugger\mdbg\mdbg.csproj", "{3B74B180-0805-4D5E-B18B-6BEF44C54F7B}"
	ProjectSection(ProjectDependencies) = postProject
		{04EF9865-E1B1-403D-802B-E4FAEA50A634} = {04EF9865-E1B1-403D-802B-E4FAEA50A634}
		{634B90A2-0344-44C5-83F0-06180B2FDA05} = {634B90A2-0344-44C5-83F0-06180B2FDA05}
		{1511F9E6-6AC4-4F3F-863D-3430469A7335} = {1511F9E6-6AC4-4F3F-863D-3430469A7335}
	EndProjectSection
EndProject
Project("{FAE04EC0-301F-11D3-BF4B-00C04F79EFBC}") = "pdb2xml", "..\dbgProgram\MDbg Sample\src\tools\pdb2xml\pdb2xml.csproj", "{C685FACF-7255-4099-A6B0-8756EA854AD2}"
EndProject
Project("{FAE04EC0-301F-11D3-BF4B-00C04F79EFBC}") = "raw", "..\dbgProgram\MDbg Sample\src\debugger\raw\raw.csproj", "{C18D303B-2C55-43EB-A3DF-39CF3FB1D447}"
EndProject
Project("{FAE04EC0-301F-11D3-BF4B-00C04F79EFBC}") = "NativeDebugWrappers", "..\dbgProgram\MDbg Sample\src\debugger\NativeDebugWrappers\NativeDebugWrappers.csproj", "{3991AB6C-468B-4C28-95FC-3188CFB34180}"
EndProject
Project("{FAE04EC0-301F-11D3-BF4B-00C04F79EFBC}") = "PythonExt", "..\dbgProgram\MDbg Sample\src\extensions\pythonExt\PythonExt.csproj", "{D8616ACA-4293-47BE-9FC3-9C612FD991F6}"
EndProject
Project("{FAE04EC0-301F-11D3-BF4B-00C04F79EFBC}") = "Silverlight", "..\dbgProgram\MDbg Sample\src\extensions\Silverlight\Silverlight.csproj", "{B078F1B1-2E59-4121-9881-1544B9B34B1A}"
EndProject
Project("{FAE04EC0-301F-11D3-BF4B-00C04F79EFBC}") = "cpuanalyzer", "cpuanalyzermaster\cpuanalyzer.csproj", "{CD9413CE-67BB-435E-B060-256C6486EF07}"
EndProject
Global
	GlobalSection(SolutionConfigurationPlatforms) = preSolution
		Debug|Any CPU = Debug|Any CPU
		Debug|Mixed platforms = Debug|Mixed platforms
		Debug|Win32 = Debug|Win32
		Release|Any CPU = Release|Any CPU
		Release|Mixed platforms = Release|Mixed platforms
		Release|Win32 = Release|Win32
	EndGlobalSection
	GlobalSection(ProjectConfigurationPlatforms) = postSolution
		{A52260C0-1637-49EF-A605-0F67F19AC246}.Debug|Any CPU.ActiveCfg = Debug|Any CPU
		{A52260C0-1637-49EF-A605-0F67F19AC246}.Debug|Any CPU.Build.0 = Debug|Any CPU
		{A52260C0-1637-49EF-A605-0F67F19AC246}.Debug|Mixed platforms.ActiveCfg = Debug|Any CPU
		{A52260C0-1637-49EF-A605-0F67F19AC246}.Debug|Mixed platforms.Build.0 = Debug|Any CPU
		{A52260C0-1637-49EF-A605-0F67F19AC246}.Debug|Win32.ActiveCfg = Debug|Any CPU
		{A52260C0-1637-49EF-A605-0F67F19AC246}.Debug|Win32.Build.0 = Debug|Any CPU
		{A52260C0-1637-49EF-A605-0F67F19AC246}.Release|Any CPU.ActiveCfg = Release|Any CPU
		{A52260C0-1637-49EF-A605-0F67F19AC246}.Release|Any CPU.Build.0 = Release|Any CPU
		{A52260C0-1637-49EF-A605-0F67F19AC246}.Release|Mixed platforms.ActiveCfg = Release|Any CPU
		{A52260C0-1637-49EF-A605-0F67F19AC246}.Release|Mixed platforms.Build.0 = Release|Any CPU
		{A52260C0-1637-49EF-A605-0F67F19AC246}.Release|Win32.ActiveCfg = Release|Any CPU
		{A52260C0-1637-49EF-A605-0F67F19AC246}.Release|Win32.Build.0 = Release|Any CPU
		{E79C0D33-EB96-49BF-863B-9834EA7BCE8A}.Debug|Any CPU.ActiveCfg = Debug|Any CPU
		{E79C0D33-EB96-49BF-863B-9834EA7BCE8A}.Debug|Any CPU.Build.0 = Debug|Any CPU
		{E79C0D33-EB96-49BF-863B-9834EA7BCE8A}.Debug|Mixed platforms.ActiveCfg = Debug|Any CPU
		{E79C0D33-EB96-49BF-863B-9834EA7BCE8A}.Debug|Mixed platforms.Build.0 = Debug|Any CPU
		{E79C0D33-EB96-49BF-863B-9834EA7BCE8A}.Debug|Win32.ActiveCfg = Debug|Any CPU
		{E79C0D33-EB96-49BF-863B-9834EA7BCE8A}.Debug|Win32.Build.0 = Debug|Any CPU
		{E79C0D33-EB96-49BF-863B-9834EA7BCE8A}.Release|Any CPU.ActiveCfg = Release|Any CPU
		{E79C0D33-EB96-49BF-863B-9834EA7BCE8A}.Release|Any CPU.Build.0 = Release|Any CPU
		{E79C0D33-EB96-49BF-863B-9834EA7BCE8A}.Release|Mixed platforms.ActiveCfg = Release|Any CPU
		{E79C0D33-EB96-49BF-863B-9834EA7BCE8A}.Release|Mixed platforms.Build.0 = Release|Any CPU
		{E79C0D33-EB96-49BF-863B-9834EA7BCE8A}.Release|Win32.ActiveCfg = Release|Any CPU
		{E79C0D33-EB96-49BF-863B-9834EA7BCE8A}.Release|Win32.Build.0 = Release|Any CPU
		{36458B91-1E53-4A44-A349-34E80FF7748B}.Debug|Any CPU.ActiveCfg = Debug|Any CPU
		{36458B91-1E53-4A44-A349-34E80FF7748B}.Debug|Any CPU.Build.0 = Debug|Any CPU
		{36458B91-1E53-4A44-A349-34E80FF7748B}.Debug|Mixed platforms.ActiveCfg = Debug|Any CPU
		{36458B91-1E53-4A44-A349-34E80FF7748B}.Debug|Mixed platforms.Build.0 = Debug|Any CPU
		{36458B91-1E53-4A44-A349-34E80FF7748B}.Debug|Win32.ActiveCfg = Debug|Any CPU
		{36458B91-1E53-4A44-A349-34E80FF7748B}.Debug|Win32.Build.0 = Debug|Any CPU
		{36458B91-1E53-4A44-A349-34E80FF7748B}.Release|Any CPU.ActiveCfg = Release|Any CPU
		{36458B91-1E53-4A44-A349-34E80FF7748B}.Release|Any CPU.Build.0 = Release|Any CPU
		{36458B91-1E53-4A44-A349-34E80FF7748B}.Release|Mixed platforms.ActiveCfg = Release|Any CPU
		{36458B91-1E53-4A44-A349-34E80FF7748B}.Release|Mixed platforms.Build.0 = Release|Any CPU
		{36458B91-1E53-4A44-A349-34E80FF7748B}.Release|Win32.ActiveCfg = Release|Any CPU
		{36458B91-1E53-4A44-A349-34E80FF7748B}.Release|Win32.Build.0 = Release|Any CPU
		{F5F4B811-C3B6-415D-9487-6E8A2272E6DE}.Debug|Any CPU.ActiveCfg = Debug|Any CPU
		{F5F4B811-C3B6-415D-9487-6E8A2272E6DE}.Debug|Any CPU.Build.0 = Debug|Any CPU
		{F5F4B811-C3B6-415D-9487-6E8A2272E6DE}.Debug|Mixed platforms.ActiveCfg = Debug|Any CPU
		{F5F4B811-C3B6-415D-9487-6E8A2272E6DE}.Debug|Mixed platforms.Build.0 = Debug|Any CPU
		{F5F4B811-C3B6-415D-9487-6E8A2272E6DE}.Debug|Win32.ActiveCfg = Debug|Any CPU
		{F5F4B811-C3B6-415D-9487-6E8A2272E6DE}.Debug|Win32.Build.0 = Debug|Any CPU
		{F5F4B811-C3B6-415D-9487-6E8A2272E6DE}.Release|Any CPU.ActiveCfg = Release|Any CPU
		{F5F4B811-C3B6-415D-9487-6E8A2272E6DE}.Release|Any CPU.Build.0 = Release|Any CPU
		{F5F4B811-C3B6-415D-9487-6E8A2272E6DE}.Release|Mixed platforms.ActiveCfg = Release|Any CPU
		{F5F4B811-C3B6-415D-9487-6E8A2272E6DE}.Release|Mixed platforms.Build.0 = Release|Any CPU
		{F5F4B811-C3B6-415D-9487-6E8A2272E6DE}.Release|Win32.ActiveCfg = Release|Any CPU
		{F5F4B811-C3B6-415D-9487-6E8A2272E6DE}.Release|Win32.Build.0 = Release|Any CPU
		{F2E8FB3F-0D78-4067-A1B2-0FC7B6809883}.Debug|Any CPU.ActiveCfg = Debug|Any CPU
		{F2E8FB3F-0D78-4067-A1B2-0FC7B6809883}.Debug|Any CPU.Build.0 = Debug|Any CPU
		{F2E8FB3F-0D78-4067-A1B2-0FC7B6809883}.Debug|Mixed platforms.ActiveCfg = Debug|Any CPU
		{F2E8FB3F-0D78-4067-A1B2-0FC7B6809883}.Debug|Mixed platforms.Build.0 = Debug|Any CPU
		{F2E8FB3F-0D78-4067-A1B2-0FC7B6809883}.Debug|Win32.ActiveCfg = Debug|Any CPU
		{F2E8FB3F-0D78-4067-A1B2-0FC7B6809883}.Debug|Win32.Build.0 = Debug|Any CPU
		{F2E8FB3F-0D78-4067-A1B2-0FC7B6809883}.Release|Any CPU.ActiveCfg = Release|Any CPU
		{F2E8FB3F-0D78-4067-A1B2-0FC7B6809883}.Release|Any CPU.Build.0 = Release|Any CPU
		{F2E8FB3F-0D78-4067-A1B2-0FC7B6809883}.Release|Mixed platforms.ActiveCfg = Release|Any CPU
		{F2E8FB3F-0D78-4067-A1B2-0FC7B6809883}.Release|Mixed platforms.Build.0 = Release|Any CPU
		{F2E8FB3F-0D78-4067-A1B2-0FC7B6809883}.Release|Win32.ActiveCfg = Release|Any CPU
		{F2E8FB3F-0D78-4067-A1B2-0FC7B6809883}.Release|Win32.Build.0 = Release|Any CPU
		{6501C62E-E8DC-42BD-8A71-CC59979960EC}.Debug|Any CPU.ActiveCfg = Debug|Any CPU
		{6501C62E-E8DC-42BD-8A71-CC59979960EC}.Debug|Any CPU.Build.0 = Debug|Any CPU
		{6501C62E-E8DC-42BD-8A71-CC59979960EC}.Debug|Mixed platforms.ActiveCfg = Debug|Any CPU
		{6501C62E-E8DC-42BD-8A71-CC59979960EC}.Debug|Mixed platforms.Build.0 = Debug|Any CPU
		{6501C62E-E8DC-42BD-8A71-CC59979960EC}.Debug|Win32.ActiveCfg = Debug|Any CPU
		{6501C62E-E8DC-42BD-8A71-CC59979960EC}.Debug|Win32.Build.0 = Debug|Any CPU
		{6501C62E-E8DC-42BD-8A71-CC59979960EC}.Release|Any CPU.ActiveCfg = Release|Any CPU
		{6501C62E-E8DC-42BD-8A71-CC59979960EC}.Release|Any CPU.Build.0 = Release|Any CPU
		{6501C62E-E8DC-42BD-8A71-CC59979960EC}.Release|Mixed platforms.ActiveCfg = Release|Any CPU
		{6501C62E-E8DC-42BD-8A71-CC59979960EC}.Release|Mixed platforms.Build.0 = Release|Any CPU
		{6501C62E-E8DC-42BD-8A71-CC59979960EC}.Release|Win32.ActiveCfg = Release|Any CPU
		{6501C62E-E8DC-42BD-8A71-CC59979960EC}.Release|Win32.Build.0 = Release|Any CPU
		{D00A3493-0702-4BA1-A204-29CA493E3BAB}.Debug|Any CPU.ActiveCfg = Debug|Any CPU
		{D00A3493-0702-4BA1-A204-29CA493E3BAB}.Debug|Any CPU.Build.0 = Debug|Any CPU
		{D00A3493-0702-4BA1-A204-29CA493E3BAB}.Debug|Mixed platforms.ActiveCfg = Debug|Any CPU
		{D00A3493-0702-4BA1-A204-29CA493E3BAB}.Debug|Mixed platforms.Build.0 = Debug|Any CPU
		{D00A3493-0702-4BA1-A204-29CA493E3BAB}.Debug|Win32.ActiveCfg = Debug|Any CPU
		{D00A3493-0702-4BA1-A204-29CA493E3BAB}.Debug|Win32.Build.0 = Debug|Any CPU
		{D00A3493-0702-4BA1-A204-29CA493E3BAB}.Release|Any CPU.ActiveCfg = Release|Any CPU
		{D00A3493-0702-4BA1-A204-29CA493E3BAB}.Release|Any CPU.Build.0 = Release|Any CPU
		{D00A3493-0702-4BA1-A204-29CA493E3BAB}.Release|Mixed platforms.ActiveCfg = Release|Any CPU
		{D00A3493-0702-4BA1-A204-29CA493E3BAB}.Release|Mixed platforms.Build.0 = Release|Any CPU
		{D00A3493-0702-4BA1-A204-29CA493E3BAB}.Release|Win32.ActiveCfg = Release|Any CPU
		{D00A3493-0702-4BA1-A204-29CA493E3BAB}.Release|Win32.Build.0 = Release|Any CPU
		{3F1C07F9-BFF3-459B-BC3F-BB9B12E43531}.Debug|Any CPU.ActiveCfg = Debug|Any CPU
		{3F1C07F9-BFF3-459B-BC3F-BB9B12E43531}.Debug|Any CPU.Build.0 = Debug|Any CPU
		{3F1C07F9-BFF3-459B-BC3F-BB9B12E43531}.Debug|Mixed platforms.ActiveCfg = Debug|Any CPU
		{3F1C07F9-BFF3-459B-BC3F-BB9B12E43531}.Debug|Mixed platforms.Build.0 = Debug|Any CPU
		{3F1C07F9-BFF3-459B-BC3F-BB9B12E43531}.Debug|Win32.ActiveCfg = Debug|Any CPU
		{3F1C07F9-BFF3-459B-BC3F-BB9B12E43531}.Debug|Win32.Build.0 = Debug|Any CPU
		{3F1C07F9-BFF3-459B-BC3F-BB9B12E43531}.Release|Any CPU.ActiveCfg = Release|Any CPU
		{3F1C07F9-BFF3-459B-BC3F-BB9B12E43531}.Release|Any CPU.Build.0 = Release|Any CPU
		{3F1C07F9-BFF3-459B-BC3F-BB9B12E43531}.Release|Mixed platforms.ActiveCfg = Release|Any CPU
		{3F1C07F9-BFF3-459B-BC3F-BB9B12E43531}.Release|Mixed platforms.Build.0 = Release|Any CPU
		{3F1C07F9-BFF3-459B-BC3F-BB9B12E43531}.Release|Win32.ActiveCfg = Release|Any CPU
		{3F1C07F9-BFF3-459B-BC3F-BB9B12E43531}.Release|Win32.Build.0 = Release|Any CPU
		{97C92C09-BE84-4A84-88F4-C17F2137B4EF}.Debug|Any CPU.ActiveCfg = Debug|Any CPU
		{97C92C09-BE84-4A84-88F4-C17F2137B4EF}.Debug|Any CPU.Build.0 = Debug|Any CPU
		{97C92C09-BE84-4A84-88F4-C17F2137B4EF}.Debug|Mixed platforms.ActiveCfg = Debug|Any CPU
		{97C92C09-BE84-4A84-88F4-C17F2137B4EF}.Debug|Mixed platforms.Build.0 = Debug|Any CPU
		{97C92C09-BE84-4A84-88F4-C17F2137B4EF}.Debug|Win32.ActiveCfg = Debug|Any CPU
		{97C92C09-BE84-4A84-88F4-C17F2137B4EF}.Debug|Win32.Build.0 = Debug|Any CPU
		{97C92C09-BE84-4A84-88F4-C17F2137B4EF}.Release|Any CPU.ActiveCfg = Release|Any CPU
		{97C92C09-BE84-4A84-88F4-C17F2137B4EF}.Release|Any CPU.Build.0 = Release|Any CPU
		{97C92C09-BE84-4A84-88F4-C17F2137B4EF}.Release|Mixed platforms.ActiveCfg = Release|Any CPU
		{97C92C09-BE84-4A84-88F4-C17F2137B4EF}.Release|Mixed platforms.Build.0 = Release|Any CPU
		{97C92C09-BE84-4A84-88F4-C17F2137B4EF}.Release|Win32.ActiveCfg = Release|Any CPU
		{97C92C09-BE84-4A84-88F4-C17F2137B4EF}.Release|Win32.Build.0 = Release|Any CPU
		{04EF9865-E1B1-403D-802B-E4FAEA50A634}.Debug|Any CPU.ActiveCfg = Debug|Any CPU
		{04EF9865-E1B1-403D-802B-E4FAEA50A634}.Debug|Any CPU.Build.0 = Debug|Any CPU
		{04EF9865-E1B1-403D-802B-E4FAEA50A634}.Debug|Mixed platforms.ActiveCfg = Debug|Any CPU
		{04EF9865-E1B1-403D-802B-E4FAEA50A634}.Debug|Mixed platforms.Build.0 = Debug|Any CPU
		{04EF9865-E1B1-403D-802B-E4FAEA50A634}.Debug|Win32.ActiveCfg = Debug|Any CPU
		{04EF9865-E1B1-403D-802B-E4FAEA50A634}.Debug|Win32.Build.0 = Debug|Any CPU
		{04EF9865-E1B1-403D-802B-E4FAEA50A634}.Release|Any CPU.ActiveCfg = Release|Any CPU
		{04EF9865-E1B1-403D-802B-E4FAEA50A634}.Release|Any CPU.Build.0 = Release|Any CPU
		{04EF9865-E1B1-403D-802B-E4FAEA50A634}.Release|Mixed platforms.ActiveCfg = Release|Any CPU
		{04EF9865-E1B1-403D-802B-E4FAEA50A634}.Release|Mixed platforms.Build.0 = Release|Any CPU
		{04EF9865-E1B1-403D-802B-E4FAEA50A634}.Release|Win32.ActiveCfg = Release|Any CPU
		{04EF9865-E1B1-403D-802B-E4FAEA50A634}.Release|Win32.Build.0 = Release|Any CPU
		{634B90A2-0344-44C5-83F0-06180B2FDA05}.Debug|Any CPU.ActiveCfg = Debug|Any CPU
		{634B90A2-0344-44C5-83F0-06180B2FDA05}.Debug|Any CPU.Build.0 = Debug|Any CPU
		{634B90A2-0344-44C5-83F0-06180B2FDA05}.Debug|Mixed platforms.ActiveCfg = Debug|Any CPU
		{634B90A2-0344-44C5-83F0-06180B2FDA05}.Debug|Mixed platforms.Build.0 = Debug|Any CPU
		{634B90A2-0344-44C5-83F0-06180B2FDA05}.Debug|Win32.ActiveCfg = Debug|Any CPU
		{634B90A2-0344-44C5-83F0-06180B2FDA05}.Debug|Win32.Build.0 = Debug|Any CPU
		{634B90A2-0344-44C5-83F0-06180B2FDA05}.Release|Any CPU.ActiveCfg = Release|Any CPU
		{634B90A2-0344-44C5-83F0-06180B2FDA05}.Release|Any CPU.Build.0 = Release|Any CPU
		{634B90A2-0344-44C5-83F0-06180B2FDA05}.Release|Mixed platforms.ActiveCfg = Release|Any CPU
		{634B90A2-0344-44C5-83F0-06180B2FDA05}.Release|Mixed platforms.Build.0 = Release|Any CPU
		{634B90A2-0344-44C5-83F0-06180B2FDA05}.Release|Win32.ActiveCfg = Release|Any CPU
		{634B90A2-0344-44C5-83F0-06180B2FDA05}.Release|Win32.Build.0 = Release|Any CPU
		{1511F9E6-6AC4-4F3F-863D-3430469A7335}.Debug|Any CPU.ActiveCfg = Debug|Any CPU
		{1511F9E6-6AC4-4F3F-863D-3430469A7335}.Debug|Any CPU.Build.0 = Debug|Any CPU
		{1511F9E6-6AC4-4F3F-863D-3430469A7335}.Debug|Mixed platforms.ActiveCfg = Debug|Any CPU
		{1511F9E6-6AC4-4F3F-863D-3430469A7335}.Debug|Mixed platforms.Build.0 = Debug|Any CPU
		{1511F9E6-6AC4-4F3F-863D-3430469A7335}.Debug|Win32.ActiveCfg = Debug|Any CPU
		{1511F9E6-6AC4-4F3F-863D-3430469A7335}.Debug|Win32.Build.0 = Debug|Any CPU
		{1511F9E6-6AC4-4F3F-863D-3430469A7335}.Release|Any CPU.ActiveCfg = Release|Any CPU
		{1511F9E6-6AC4-4F3F-863D-3430469A7335}.Release|Any CPU.Build.0 = Release|Any CPU
		{1511F9E6-6AC4-4F3F-863D-3430469A7335}.Release|Mixed platforms.ActiveCfg = Release|Any CPU
		{1511F9E6-6AC4-4F3F-863D-3430469A7335}.Release|Mixed platforms.Build.0 = Release|Any CPU
		{1511F9E6-6AC4-4F3F-863D-3430469A7335}.Release|Win32.ActiveCfg = Release|Any CPU
		{1511F9E6-6AC4-4F3F-863D-3430469A7335}.Release|Win32.Build.0 = Release|Any CPU
		{29258C9D-D15D-441F-9E24-EF4830B1DE7F}.Debug|Any CPU.ActiveCfg = Debug|Any CPU
		{29258C9D-D15D-441F-9E24-EF4830B1DE7F}.Debug|Any CPU.Build.0 = Debug|Any CPU
		{29258C9D-D15D-441F-9E24-EF4830B1DE7F}.Debug|Mixed platforms.ActiveCfg = Debug|Any CPU
		{29258C9D-D15D-441F-9E24-EF4830B1DE7F}.Debug|Mixed platforms.Build.0 = Debug|Any CPU
		{29258C9D-D15D-441F-9E24-EF4830B1DE7F}.Debug|Win32.ActiveCfg = Debug|Any CPU
		{29258C9D-D15D-441F-9E24-EF4830B1DE7F}.Debug|Win32.Build.0 = Debug|Any CPU
		{29258C9D-D15D-441F-9E24-EF4830B1DE7F}.Release|Any CPU.ActiveCfg = Release|Any CPU
		{29258C9D-D15D-441F-9E24-EF4830B1DE7F}.Release|Any CPU.Build.0 = Release|Any CPU
		{29258C9D-D15D-441F-9E24-EF4830B1DE7F}.Release|Mixed platforms.ActiveCfg = Release|Any CPU
		{29258C9D-D15D-441F-9E24-EF4830B1DE7F}.Release|Mixed platforms.Build.0 = Release|Any CPU
		{29258C9D-D15D-441F-9E24-EF4830B1DE7F}.Release|Win32.ActiveCfg = Release|Any CPU
		{29258C9D-D15D-441F-9E24-EF4830B1DE7F}.Release|Win32.Build.0 = Release|Any CPU
		{A05817CB-7957-4EA4-AA05-2FF911A388AB}.Debug|Any CPU.ActiveCfg = Debug|Any CPU
		{A05817CB-7957-4EA4-AA05-2FF911A388AB}.Debug|Any CPU.Build.0 = Debug|Any CPU
		{A05817CB-7957-4EA4-AA05-2FF911A388AB}.Debug|Mixed platforms.ActiveCfg = Debug|Any CPU
		{A05817CB-7957-4EA4-AA05-2FF911A388AB}.Debug|Mixed platforms.Build.0 = Debug|Any CPU
		{A05817CB-7957-4EA4-AA05-2FF911A388AB}.Debug|Win32.ActiveCfg = Debug|Any CPU
		{A05817CB-7957-4EA4-AA05-2FF911A388AB}.Debug|Win32.Build.0 = Debug|Any CPU
		{A05817CB-7957-4EA4-AA05-2FF911A388AB}.Release|Any CPU.ActiveCfg = Release|Any CPU
		{A05817CB-7957-4EA4-AA05-2FF911A388AB}.Release|Any CPU.Build.0 = Release|Any CPU
		{A05817CB-7957-4EA4-AA05-2FF911A388AB}.Release|Mixed platforms.ActiveCfg = Release|Any CPU
		{A05817CB-7957-4EA4-AA05-2FF911A388AB}.Release|Mixed platforms.Build.0 = Release|Any CPU
		{A05817CB-7957-4EA4-AA05-2FF911A388AB}.Release|Win32.ActiveCfg = Release|Any CPU
		{A05817CB-7957-4EA4-AA05-2FF911A388AB}.Release|Win32.Build.0 = Release|Any CPU
		{A910DCDE-4794-4796-819A-B79E0E6FFD50}.Debug|Any CPU.ActiveCfg = Debug|Any CPU
		{A910DCDE-4794-4796-819A-B79E0E6FFD50}.Debug|Any CPU.Build.0 = Debug|Any CPU
		{A910DCDE-4794-4796-819A-B79E0E6FFD50}.Debug|Mixed platforms.ActiveCfg = Debug|Any CPU
		{A910DCDE-4794-4796-819A-B79E0E6FFD50}.Debug|Mixed platforms.Build.0 = Debug|Any CPU
		{A910DCDE-4794-4796-819A-B79E0E6FFD50}.Debug|Win32.ActiveCfg = Debug|Any CPU
		{A910DCDE-4794-4796-819A-B79E0E6FFD50}.Debug|Win32.Build.0 = Debug|Any CPU
		{A910DCDE-4794-4796-819A-B79E0E6FFD50}.Release|Any CPU.ActiveCfg = Release|Any CPU
		{A910DCDE-4794-4796-819A-B79E0E6FFD50}.Release|Any CPU.Build.0 = Release|Any CPU
		{A910DCDE-4794-4796-819A-B79E0E6FFD50}.Release|Mixed platforms.ActiveCfg = Release|Any CPU
		{A910DCDE-4794-4796-819A-B79E0E6FFD50}.Release|Mixed platforms.Build.0 = Release|Any CPU
		{A910DCDE-4794-4796-819A-B79E0E6FFD50}.Release|Win32.ActiveCfg = Release|Any CPU
		{A910DCDE-4794-4796-819A-B79E0E6FFD50}.Release|Win32.Build.0 = Release|Any CPU
		{3B74B180-0805-4D5E-B18B-6BEF44C54F7B}.Debug|Any CPU.ActiveCfg = Debug|Any CPU
		{3B74B180-0805-4D5E-B18B-6BEF44C54F7B}.Debug|Any CPU.Build.0 = Debug|Any CPU
		{3B74B180-0805-4D5E-B18B-6BEF44C54F7B}.Debug|Mixed platforms.ActiveCfg = Debug|Any CPU
		{3B74B180-0805-4D5E-B18B-6BEF44C54F7B}.Debug|Mixed platforms.Build.0 = Debug|Any CPU
		{3B74B180-0805-4D5E-B18B-6BEF44C54F7B}.Debug|Win32.ActiveCfg = Debug|Any CPU
		{3B74B180-0805-4D5E-B18B-6BEF44C54F7B}.Debug|Win32.Build.0 = Debug|Any CPU
		{3B74B180-0805-4D5E-B18B-6BEF44C54F7B}.Release|Any CPU.ActiveCfg = Release|Any CPU
		{3B74B180-0805-4D5E-B18B-6BEF44C54F7B}.Release|Any CPU.Build.0 = Release|Any CPU
		{3B74B180-0805-4D5E-B18B-6BEF44C54F7B}.Release|Mixed platforms.ActiveCfg = Release|Any CPU
		{3B74B180-0805-4D5E-B18B-6BEF44C54F7B}.Release|Mixed platforms.Build.0 = Release|Any CPU
		{3B74B180-0805-4D5E-B18B-6BEF44C54F7B}.Release|Win32.ActiveCfg = Release|Any CPU
		{3B74B180-0805-4D5E-B18B-6BEF44C54F7B}.Release|Win32.Build.0 = Release|Any CPU
		{C685FACF-7255-4099-A6B0-8756EA854AD2}.Debug|Any CPU.ActiveCfg = Debug|Any CPU
		{C685FACF-7255-4099-A6B0-8756EA854AD2}.Debug|Any CPU.Build.0 = Debug|Any CPU
		{C685FACF-7255-4099-A6B0-8756EA854AD2}.Debug|Mixed platforms.ActiveCfg = Debug|Any CPU
		{C685FACF-7255-4099-A6B0-8756EA854AD2}.Debug|Mixed platforms.Build.0 = Debug|Any CPU
		{C685FACF-7255-4099-A6B0-8756EA854AD2}.Debug|Win32.ActiveCfg = Debug|Any CPU
		{C685FACF-7255-4099-A6B0-8756EA854AD2}.Debug|Win32.Build.0 = Debug|Any CPU
		{C685FACF-7255-4099-A6B0-8756EA854AD2}.Release|Any CPU.ActiveCfg = Release|Any CPU
		{C685FACF-7255-4099-A6B0-8756EA854AD2}.Release|Any CPU.Build.0 = Release|Any CPU
		{C685FACF-7255-4099-A6B0-8756EA854AD2}.Release|Mixed platforms.ActiveCfg = Release|Any CPU
		{C685FACF-7255-4099-A6B0-8756EA854AD2}.Release|Mixed platforms.Build.0 = Release|Any CPU
		{C685FACF-7255-4099-A6B0-8756EA854AD2}.Release|Win32.ActiveCfg = Release|Any CPU
		{C685FACF-7255-4099-A6B0-8756EA854AD2}.Release|Win32.Build.0 = Release|Any CPU
		{C18D303B-2C55-43EB-A3DF-39CF3FB1D447}.Debug|Any CPU.ActiveCfg = Debug|Any CPU
		{C18D303B-2C55-43EB-A3DF-39CF3FB1D447}.Debug|Any CPU.Build.0 = Debug|Any CPU
		{C18D303B-2C55-43EB-A3DF-39CF3FB1D447}.Debug|Mixed platforms.ActiveCfg = Debug|Any CPU
		{C18D303B-2C55-43EB-A3DF-39CF3FB1D447}.Debug|Mixed platforms.Build.0 = Debug|Any CPU
		{C18D303B-2C55-43EB-A3DF-39CF3FB1D447}.Debug|Win32.ActiveCfg = Debug|Any CPU
		{C18D303B-2C55-43EB-A3DF-39CF3FB1D447}.Debug|Win32.Build.0 = Debug|Any CPU
		{C18D303B-2C55-43EB-A3DF-39CF3FB1D447}.Release|Any CPU.ActiveCfg = Release|Any CPU
		{C18D303B-2C55-43EB-A3DF-39CF3FB1D447}.Release|Any CPU.Build.0 = Release|Any CPU
		{C18D303B-2C55-43EB-A3DF-39CF3FB1D447}.Release|Mixed platforms.ActiveCfg = Release|Any CPU
		{C18D303B-2C55-43EB-A3DF-39CF3FB1D447}.Release|Mixed platforms.Build.0 = Release|Any CPU
		{C18D303B-2C55-43EB-A3DF-39CF3FB1D447}.Release|Win32.ActiveCfg = Release|Any CPU
		{C18D303B-2C55-43EB-A3DF-39CF3FB1D447}.Release|Win32.Build.0 = Release|Any CPU
		{3991AB6C-468B-4C28-95FC-3188CFB34180}.Debug|Any CPU.ActiveCfg = Debug|Any CPU
		{3991AB6C-468B-4C28-95FC-3188CFB34180}.Debug|Any CPU.Build.0 = Debug|Any CPU
		{3991AB6C-468B-4C28-95FC-3188CFB34180}.Debug|Mixed platforms.ActiveCfg = Debug|Any CPU
		{3991AB6C-468B-4C28-95FC-3188CFB34180}.Debug|Mixed platforms.Build.0 = Debug|Any CPU
		{3991AB6C-468B-4C28-95FC-3188CFB34180}.Debug|Win32.ActiveCfg = Debug|Any CPU
		{3991AB6C-468B-4C28-95FC-3188CFB34180}.Debug|Win32.Build.0 = Debug|Any CPU
		{3991AB6C-468B-4C28-95FC-3188CFB34180}.Release|Any CPU.ActiveCfg = Release|Any CPU
		{3991AB6C-468B-4C28-95FC-3188CFB34180}.Release|Any CPU.Build.0 = Release|Any CPU
		{3991AB6C-468B-4C28-95FC-3188CFB34180}.Release|Mixed platforms.ActiveCfg = Release|Any CPU
		{3991AB6C-468B-4C28-95FC-3188CFB34180}.Release|Mixed platforms.Build.0 = Release|Any CPU
		{3991AB6C-468B-4C28-95FC-3188CFB34180}.Release|Win32.ActiveCfg = Release|Any CPU
		{3991AB6C-468B-4C28-95FC-3188CFB34180}.Release|Win32.Build.0 = Release|Any CPU
		{D8616ACA-4293-47BE-9FC3-9C612FD991F6}.Debug|Any CPU.ActiveCfg = Debug|Any CPU
		{D8616ACA-4293-47BE-9FC3-9C612FD991F6}.Debug|Mixed platforms.ActiveCfg = Debug|Any CPU
		{D8616ACA-4293-47BE-9FC3-9C612FD991F6}.Debug|Win32.ActiveCfg = Debug|Any CPU
		{D8616ACA-4293-47BE-9FC3-9C612FD991F6}.Release|Any CPU.ActiveCfg = Release|Any CPU
		{D8616ACA-4293-47BE-9FC3-9C612FD991F6}.Release|Mixed platforms.ActiveCfg = Release|Any CPU
		{D8616ACA-4293-47BE-9FC3-9C612FD991F6}.Release|Win32.ActiveCfg = Release|Any CPU
		{B078F1B1-2E59-4121-9881-1544B9B34B1A}.Debug|Any CPU.ActiveCfg = Debug|Any CPU
		{B078F1B1-2E59-4121-9881-1544B9B34B1A}.Debug|Any CPU.Build.0 = Debug|Any CPU
		{B078F1B1-2E59-4121-9881-1544B9B34B1A}.Debug|Mixed platforms.ActiveCfg = Debug|Any CPU
		{B078F1B1-2E59-4121-9881-1544B9B34B1A}.Debug|Mixed platforms.Build.0 = Debug|Any CPU
		{B078F1B1-2E59-4121-9881-1544B9B34B1A}.Debug|Win32.ActiveCfg = Debug|Any CPU
		{B078F1B1-2E59-4121-9881-1544B9B34B1A}.Release|Any CPU.ActiveCfg = Release|Any CPU
		{B078F1B1-2E59-4121-9881-1544B9B34B1A}.Release|Any CPU.Build.0 = Release|Any CPU
		{B078F1B1-2E59-4121-9881-1544B9B34B1A}.Release|Mixed platforms.ActiveCfg = Release|Any CPU
		{B078F1B1-2E59-4121-9881-1544B9B34B1A}.Release|Mixed platforms.Build.0 = Release|Any CPU
		{B078F1B1-2E59-4121-9881-1544B9B34B1A}.Release|Win32.ActiveCfg = Release|Any CPU
		{CD9413CE-67BB-435E-B060-256C6486EF07}.Debug|Any CPU.ActiveCfg = Debug|Any CPU
		{CD9413CE-67BB-435E-B060-256C6486EF07}.Debug|Any CPU.Build.0 = Debug|Any CPU
		{CD9413CE-67BB-435E-B060-256C6486EF07}.Debug|Mixed platforms.ActiveCfg = Debug|Any CPU
		{CD9413CE-67BB-435E-B060-256C6486EF07}.Debug|Mixed platforms.Build.0 = Debug|Any CPU
		{CD9413CE-67BB-435E-B060-256C6486EF07}.Debug|Win32.ActiveCfg = Debug|Any CPU
		{CD9413CE-67BB-435E-B060-256C6486EF07}.Debug|Win32.Build.0 = Debug|Any CPU
		{CD9413CE-67BB-435E-B060-256C6486EF07}.Release|Any CPU.ActiveCfg = Release|Any CPU
		{CD9413CE-67BB-435E-B060-256C6486EF07}.Release|Any CPU.Build.0 = Release|Any CPU
		{CD9413CE-67BB-435E-B060-256C6486EF07}.Release|Mixed platforms.ActiveCfg = Release|Any CPU
		{CD9413CE-67BB-435E-B060-256C6486EF07}.Release|Mixed platforms.Build.0 = Release|Any CPU
		{CD9413CE-67BB-435E-B060-256C6486EF07}.Release|Win32.ActiveCfg = Release|Any CPU
		{CD9413CE-67BB-435E-B060-256C6486EF07}.Release|Win32.Build.0 = Release|Any CPU
	EndGlobalSection
	GlobalSection(SolutionProperties) = preSolution
		HideSolutionNode = FALSE
	EndGlobalSection
	GlobalSection(ExtensibilityGlobals) = postSolution
		SolutionGuid = {120C6C9B-66CD-4F80-847B-C7A000A01B0D}
	EndGlobalSection
EndGlobal
